
Microsoft Visual Studio Solution File, Format Version 12.00
# Visual Studio Version 17
VisualStudioVersion = 17.3.32922.545
MinimumVisualStudioVersion = 10.0.40219.1
Project("{9A19103F-16F7-4668-BE54-9A1E7A4F7556}") = "Arcane.ConsoleUI", "ConsoleUI\Arcane.ConsoleUI.csproj", "{6CCF1CC2-B1A3-4376-BC15-68CA0A18A7EE}"
EndProject
Global
	GlobalSection(SolutionConfigurationPlatforms) = preSolution
		Debug|Any CPU = Debug|Any CPU
		Release|Any CPU = Release|Any CPU
	EndGlobalSection
	GlobalSection(ProjectConfigurationPlatforms) = postSolution
		{6CCF1CC2-B1A3-4376-BC15-68CA0A18A7EE}.Debug|Any CPU.ActiveCfg = Debug|Any CPU
		{6CCF1CC2-B1A3-4376-BC15-68CA0A18A7EE}.Debug|Any CPU.Build.0 = Debug|Any CPU
		{6CCF1CC2-B1A3-4376-BC15-68CA0A18A7EE}.Release|Any CPU.ActiveCfg = Release|Any CPU
		{6CCF1CC2-B1A3-4376-BC15-68CA0A18A7EE}.Release|Any CPU.Build.0 = Release|Any CPU
	EndGlobalSection
	GlobalSection(SolutionProperties) = preSolution
		HideSolutionNode = FALSE
	EndGlobalSection
	GlobalSection(ExtensibilityGlobals) = postSolution
		SolutionGuid = {44CC2879-067B-4AF5-95B4-C2EF2A849EB7}
	EndGlobalSection
EndGlobal
